
Microsoft Visual Studio Solution File, Format Version 12.00
# Visual Studio Version 16
VisualStudioVersion = 16.0.29201.188
MinimumVisualStudioVersion = 10.0.40219.1
Project("{FAE04EC0-301F-11D3-BF4B-00C04F79EFBC}") = "ManejoArchivos", "ManejoArchivos\ManejoArchivos.csproj", "{0264DC0E-AF1D-4CDC-8498-A37B31A8C9C2}"
EndProject
Global
	GlobalSection(SolutionConfigurationPlatforms) = preSolution
		Debug|Any CPU = Debug|Any CPU
		Release|Any CPU = Release|Any CPU
	EndGlobalSection
	GlobalSection(ProjectConfigurationPlatforms) = postSolution
		{0264DC0E-AF1D-4CDC-8498-A37B31A8C9C2}.Debug|Any CPU.ActiveCfg = Debug|Any CPU
		{0264DC0E-AF1D-4CDC-8498-A37B31A8C9C2}.Debug|Any CPU.Build.0 = Debug|Any CPU
		{0264DC0E-AF1D-4CDC-8498-A37B31A8C9C2}.Release|Any CPU.ActiveCfg = Release|Any CPU
		{0264DC0E-AF1D-4CDC-8498-A37B31A8C9C2}.Release|Any CPU.Build.0 = Release|Any CPU
	EndGlobalSection
	GlobalSection(SolutionProperties) = preSolution
		HideSolutionNode = FALSE
	EndGlobalSection
	GlobalSection(ExtensibilityGlobals) = postSolution
		SolutionGuid = {3AAE2A28-6DD0-467D-B992-87BC7FCE2EB5}
	EndGlobalSection
EndGlobal
